PODS:
  - Alamofire (4.7.3)
  - JLActivityIndicator (1.2.1)
  - lottie-ios (2.5.2)
  - SwiftMessages (6.0.0):
    - SwiftMessages/App (= 6.0.0)
  - SwiftMessages/App (6.0.0)

DEPENDENCIES:
  - Alamofire
  - JLActivityIndicator
  - lottie-ios
  - SwiftMessages

SPEC REPOS:
  https://github.com/cocoapods/specs.git:
    - Alamofire
    - JLActivityIndicator
    - lottie-ios
    - SwiftMessages

SPEC CHECKSUMS:
  Alamofire: c7287b6e5d7da964a70935e5db17046b7fde6568
  JLActivityIndicator: 99423d33ffe54d5ef8dddd6a652a4dc75a54919b
  lottie-ios: 3fef45d3fabe63e3c7c2eb603dd64ddfffc73062
  SwiftMessages: da7c981256a65b3e58022d9027a36584cf4eccf5

PODFILE CHECKSUM: a03d4a084d1e1fd486e41645f010a83fe6d3c020

COCOAPODS: 1.5.3
