PODS:
  - Alamofire (4.7.3)
  - SwiftMessages (5.0.1):
    - SwiftMessages/App (= 5.0.1)
  - SwiftMessages/App (5.0.1)

DEPENDENCIES:
  - Alamofire
  - SwiftMessages

SPEC REPOS:
  https://github.com/cocoapods/specs.git:
    - Alamofire
    - SwiftMessages

SPEC CHECKSUMS:
  Alamofire: c7287b6e5d7da964a70935e5db17046b7fde6568
  SwiftMessages: 32ce3cfc8388b41aae56ff4853cc752a20101147

PODFILE CHECKSUM: 220098cde83a688884b7d5a3248cfb3cb146cad0

COCOAPODS: 1.5.3
