// !$*UTF8*$!
{
	archiveVersion = 1;
	classes = {
	};
	objectVersion = 52;
	objects = {

/* Begin PBXBuildFile section */
		040F689C214B734700F66C94 /* UserDefaults+Extensions.swift in Sources */ = {isa = PBXBuildFile; fileRef = 040F689B214B734700F66C94 /* UserDefaults+Extensions.swift */; };
		04106D222347E0E40091CCCE /* AdminSettingsDataSource.swift in Sources */ = {isa = PBXBuildFile; fileRef = 04106D212347E0E40091CCCE /* AdminSettingsDataSource.swift */; };
		0415B0492213849A0086BA21 /* Haptic.swift in Sources */ = {isa = PBXBuildFile; fileRef = 0415B048221384990086BA21 /* Haptic.swift */; };
		041F6436235AD49B0057F48F /* Session.swift in Sources */ = {isa = PBXBuildFile; fileRef = 041F6435235AD49B0057F48F /* Session.swift */; };
		041F6439235AD7D80057F48F /* SwiftJWT in Frameworks */ = {isa = PBXBuildFile; productRef = 041F6438235AD7D80057F48F /* SwiftJWT */; };
		041F643C235AD9CD0057F48F /* ADCClaim.swift in Sources */ = {isa = PBXBuildFile; fileRef = 041F643B235AD9CD0057F48F /* ADCClaim.swift */; };
		041F643E235B7CF10057F48F /* adminPublic.key in Resources */ = {isa = PBXBuildFile; fileRef = 041F643D235B7CF10057F48F /* adminPublic.key */; };
		041F6440235B7D0F0057F48F /* userPublic.key in Resources */ = {isa = PBXBuildFile; fileRef = 041F643F235B7D0F0057F48F /* userPublic.key */; };
		0433F0A72165D94000F63E50 /* Dashboard.storyboard in Resources */ = {isa = PBXBuildFile; fileRef = 0433F0A92165D94000F63E50 /* Dashboard.storyboard */; };
		0433F0AD2166C72700F63E50 /* DashboardDetailsTableViewController.swift in Sources */ = {isa = PBXBuildFile; fileRef = 0433F0AC2166C72700F63E50 /* DashboardDetailsTableViewController.swift */; };
		0440E778214357B80037F94B /* UIScrollView+TPKeyboardAvoidingAdditions.m in Sources */ = {isa = PBXBuildFile; fileRef = 0440E774214357B70037F94B /* UIScrollView+TPKeyboardAvoidingAdditions.m */; };
		0440E779214357B80037F94B /* TPKeyboardAvoidingScrollView.m in Sources */ = {isa = PBXBuildFile; fileRef = 0440E775214357B70037F94B /* TPKeyboardAvoidingScrollView.m */; };
		04633FC021438DB0007B3358 /* UITextField+Underline.swift in Sources */ = {isa = PBXBuildFile; fileRef = 04633FBF21438DB0007B3358 /* UITextField+Underline.swift */; };
		0465E123214A2F2B00298241 /* BiometricsController.swift in Sources */ = {isa = PBXBuildFile; fileRef = 0465E122214A2F2B00298241 /* BiometricsController.swift */; };
		0466DB8C214366BE002583DB /* SwiftMessagesWrapper.swift in Sources */ = {isa = PBXBuildFile; fileRef = 0466DB8B214366BE002583DB /* SwiftMessagesWrapper.swift */; };
		046701722155F2A7007DF2BE /* UIView+Customizations.swift in Sources */ = {isa = PBXBuildFile; fileRef = 046701712155F2A7007DF2BE /* UIView+Customizations.swift */; };
		046701742155FA66007DF2BE /* DoorsListTableViewController.swift in Sources */ = {isa = PBXBuildFile; fileRef = 046701732155FA66007DF2BE /* DoorsListTableViewController.swift */; };
		046701762155FFEF007DF2BE /* Door.swift in Sources */ = {isa = PBXBuildFile; fileRef = 046701752155FFEF007DF2BE /* Door.swift */; };
		0467017921560123007DF2BE /* DoorsAPI.swift in Sources */ = {isa = PBXBuildFile; fileRef = 0467017821560123007DF2BE /* DoorsAPI.swift */; };
		0467017C215602F7007DF2BE /* DoorListViewModel.swift in Sources */ = {isa = PBXBuildFile; fileRef = 0467017B215602F7007DF2BE /* DoorListViewModel.swift */; };
		0467018121560631007DF2BE /* DoorsListTableViewCell.swift in Sources */ = {isa = PBXBuildFile; fileRef = 0467017F21560631007DF2BE /* DoorsListTableViewCell.swift */; };
		0467018221560631007DF2BE /* DoorsListTableViewCell.xib in Resources */ = {isa = PBXBuildFile; fileRef = 0467018021560631007DF2BE /* DoorsListTableViewCell.xib */; };
		0467018621561700007DF2BE /* MapToDoorCommDelegate.swift in Sources */ = {isa = PBXBuildFile; fileRef = 0467018521561700007DF2BE /* MapToDoorCommDelegate.swift */; };
		04670C4D217D5C3700820AB6 /* UIButton+DynamicType.swift in Sources */ = {isa = PBXBuildFile; fileRef = 04670C4C217D5C3700820AB6 /* UIButton+DynamicType.swift */; };
		046DFBF7236E0C7000419CC8 /* TOTP.swift in Sources */ = {isa = PBXBuildFile; fileRef = 046DFBF6236E0C7000419CC8 /* TOTP.swift */; };
		046DFBF9236EA8AD00419CC8 /* TestDecoding.swift in Sources */ = {isa = PBXBuildFile; fileRef = 046DFBF8236EA8AD00419CC8 /* TestDecoding.swift */; };
		04799C14235407980006FF3C /* SettingsAction.swift in Sources */ = {isa = PBXBuildFile; fileRef = 04799C13235407980006FF3C /* SettingsAction.swift */; };
		04799C18235411C90006FF3C /* SubmitComplaintsViewController.swift in Sources */ = {isa = PBXBuildFile; fileRef = 04799C16235411C90006FF3C /* SubmitComplaintsViewController.swift */; };
		04799C19235411C90006FF3C /* SubmitComplaintsViewController.xib in Resources */ = {isa = PBXBuildFile; fileRef = 04799C17235411C90006FF3C /* SubmitComplaintsViewController.xib */; };
		04799C1D235421650006FF3C /* SubmitComplaintsViewModel.swift in Sources */ = {isa = PBXBuildFile; fileRef = 04799C1C235421650006FF3C /* SubmitComplaintsViewModel.swift */; };
		04799C22235423160006FF3C /* GenericPickerViewController.swift in Sources */ = {isa = PBXBuildFile; fileRef = 04799C1F235423160006FF3C /* GenericPickerViewController.swift */; };
		04799C23235423160006FF3C /* GenericPickerViewController.xib in Resources */ = {isa = PBXBuildFile; fileRef = 04799C20235423160006FF3C /* GenericPickerViewController.xib */; };
		04799C24235423160006FF3C /* GenericPickerViewDelegate.swift in Sources */ = {isa = PBXBuildFile; fileRef = 04799C21235423160006FF3C /* GenericPickerViewDelegate.swift */; };
		0481C2A0214C70E40078BAAA /* KeychainOperations.swift in Sources */ = {isa = PBXBuildFile; fileRef = 0481C29F214C70E40078BAAA /* KeychainOperations.swift */; };
		0481C2A2214D77120078BAAA /* TestKeychainOperations.swift in Sources */ = {isa = PBXBuildFile; fileRef = 0481C2A1214D77120078BAAA /* TestKeychainOperations.swift */; };
		0481C2A3214D771A0078BAAA /* KeychainOperations.swift in Sources */ = {isa = PBXBuildFile; fileRef = 0481C29F214C70E40078BAAA /* KeychainOperations.swift */; };
		0485F296215F508200742978 /* Localizable.strings in Resources */ = {isa = PBXBuildFile; fileRef = 0485F298215F508200742978 /* Localizable.strings */; };
		0485F29C215F56D900742978 /* InfoPlist.strings in Resources */ = {isa = PBXBuildFile; fileRef = 0485F29E215F56D900742978 /* InfoPlist.strings */; };
		049D5FA4237279AC006D9712 /* RxSwift in Frameworks */ = {isa = PBXBuildFile; productRef = 049D5FA3237279AC006D9712 /* RxSwift */; };
		049D5FA6237279AC006D9712 /* RxCocoa in Frameworks */ = {isa = PBXBuildFile; productRef = 049D5FA5237279AC006D9712 /* RxCocoa */; };
		049D5FA823727A84006D9712 /* BLEManager+Rx.swift in Sources */ = {isa = PBXBuildFile; fileRef = 049D5FA723727A84006D9712 /* BLEManager+Rx.swift */; };
		049D5FAA23728344006D9712 /* Error+Extensions.swift in Sources */ = {isa = PBXBuildFile; fileRef = 049D5FA923728344006D9712 /* Error+Extensions.swift */; };
		049D5FB023729CAE006D9712 /* OpeningDoorsViewController.swift in Sources */ = {isa = PBXBuildFile; fileRef = 049D5FAE23729CAE006D9712 /* OpeningDoorsViewController.swift */; };
		049D5FB123729CAE006D9712 /* OpeningDoorsViewController.xib in Resources */ = {isa = PBXBuildFile; fileRef = 049D5FAF23729CAE006D9712 /* OpeningDoorsViewController.xib */; };
		049D5FB42372AE99006D9712 /* Hexagons.json in Resources */ = {isa = PBXBuildFile; fileRef = 049D5FB32372AE99006D9712 /* Hexagons.json */; };
		049D5FB623753563006D9712 /* DispatchQueue+Rx.swift in Sources */ = {isa = PBXBuildFile; fileRef = 049D5FB523753563006D9712 /* DispatchQueue+Rx.swift */; };
		049D5FB823753B74006D9712 /* OpenDoor.json in Resources */ = {isa = PBXBuildFile; fileRef = 049D5FB723753B74006D9712 /* OpenDoor.json */; };
		04A5D0AF2221112300774489 /* BLESignalStrength.swift in Sources */ = {isa = PBXBuildFile; fileRef = 04A5D0AE2221112300774489 /* BLESignalStrength.swift */; };
		04B47ABB21862EBC00731C5B /* BLEError.swift in Sources */ = {isa = PBXBuildFile; fileRef = 04B47AB821862EBC00731C5B /* BLEError.swift */; };
		04B47ABC21862EBC00731C5B /* BLEManager.swift in Sources */ = {isa = PBXBuildFile; fileRef = 04B47AB921862EBC00731C5B /* BLEManager.swift */; };
		04B47ABD21862EBC00731C5B /* BLEManagerDelegate.swift in Sources */ = {isa = PBXBuildFile; fileRef = 04B47ABA21862EBC00731C5B /* BLEManagerDelegate.swift */; };
		04B76350237BBC99007FA8F7 /* ExtraInformationViewController.swift in Sources */ = {isa = PBXBuildFile; fileRef = 04B7634F237BBC99007FA8F7 /* ExtraInformationViewController.swift */; };
		04B76353237BC0B6007FA8F7 /* SplashScreenDataSets.swift in Sources */ = {isa = PBXBuildFile; fileRef = 04B76352237BC0B6007FA8F7 /* SplashScreenDataSets.swift */; };
		04B76355237BC7A8007FA8F7 /* BLEWarning.swift in Sources */ = {isa = PBXBuildFile; fileRef = 04B76354237BC7A8007FA8F7 /* BLEWarning.swift */; };
		04B7635B237BD131007FA8F7 /* PageContentDataSet.swift in Sources */ = {isa = PBXBuildFile; fileRef = 04B76357237BD131007FA8F7 /* PageContentDataSet.swift */; };
		04B7635C237BD131007FA8F7 /* PageContentViewController.xib in Resources */ = {isa = PBXBuildFile; fileRef = 04B76358237BD131007FA8F7 /* PageContentViewController.xib */; };
		04B7635D237BD131007FA8F7 /* PageContentViewController.swift in Sources */ = {isa = PBXBuildFile; fileRef = 04B76359237BD131007FA8F7 /* PageContentViewController.swift */; };
		04B7635E237BD131007FA8F7 /* PageViewController.swift in Sources */ = {isa = PBXBuildFile; fileRef = 04B7635A237BD131007FA8F7 /* PageViewController.swift */; };
		04C1BE0221B2346600B58E1D /* LottieSubtitledView.xib in Resources */ = {isa = PBXBuildFile; fileRef = 04C1BE0121B2346600B58E1D /* LottieSubtitledView.xib */; };
		04C1BE0421B2348400B58E1D /* LottieSubtitledView.swift in Sources */ = {isa = PBXBuildFile; fileRef = 04C1BE0321B2348400B58E1D /* LottieSubtitledView.swift */; };
		04C1BE0821B2525200B58E1D /* WifiOffAnimation.json in Resources */ = {isa = PBXBuildFile; fileRef = 04C1BE0721B2525100B58E1D /* WifiOffAnimation.json */; };
		04C288BC2155E50900561798 /* MapsViewController.swift in Sources */ = {isa = PBXBuildFile; fileRef = 04C288BB2155E50900561798 /* MapsViewController.swift */; };
		04C2D1C32161933B0082C9C8 /* DashboardTableViewController.swift in Sources */ = {isa = PBXBuildFile; fileRef = 04C2D1C22161933B0082C9C8 /* DashboardTableViewController.swift */; };
		04C2D1C6216197D00082C9C8 /* User.swift in Sources */ = {isa = PBXBuildFile; fileRef = 04C2D1C5216197D00082C9C8 /* User.swift */; };
		04C2D1C8216199B30082C9C8 /* DashboardViewModel.swift in Sources */ = {isa = PBXBuildFile; fileRef = 04C2D1C7216199B30082C9C8 /* DashboardViewModel.swift */; };
		04C8C7B32160329F005D61C6 /* LoginViewController+Options.swift in Sources */ = {isa = PBXBuildFile; fileRef = 04C8C7B22160329F005D61C6 /* LoginViewController+Options.swift */; };
		04C8C7B5216039D8005D61C6 /* ServicesAPI.swift in Sources */ = {isa = PBXBuildFile; fileRef = 04C8C7B4216039D8005D61C6 /* ServicesAPI.swift */; };
		04D2DB19215CA5B20061E72D /* Constants.swift in Sources */ = {isa = PBXBuildFile; fileRef = 04D2DB18215CA5B20061E72D /* Constants.swift */; };
		04DDAC582257DE82004752B0 /* DoorResponse.swift in Sources */ = {isa = PBXBuildFile; fileRef = 04DDAC572257DE82004752B0 /* DoorResponse.swift */; };
		04E089FC21433A9000E72A85 /* SwitchViewController.swift in Sources */ = {isa = PBXBuildFile; fileRef = 04E089FB21433A9000E72A85 /* SwitchViewController.swift */; };
		04E829BF214323ED000BC96D /* AppDelegate.swift in Sources */ = {isa = PBXBuildFile; fileRef = 04E829BE214323ED000BC96D /* AppDelegate.swift */; };
		04E829C1214323ED000BC96D /* LoginViewController.swift in Sources */ = {isa = PBXBuildFile; fileRef = 04E829C0214323ED000BC96D /* LoginViewController.swift */; };
		04E829C4214323ED000BC96D /* Main.storyboard in Resources */ = {isa = PBXBuildFile; fileRef = 04E829C2214323ED000BC96D /* Main.storyboard */; };
		04E829C6214323EF000BC96D /* Assets.xcassets in Resources */ = {isa = PBXBuildFile; fileRef = 04E829C5214323EF000BC96D /* Assets.xcassets */; };
		04E829C9214323EF000BC96D /* LaunchScreen.storyboard in Resources */ = {isa = PBXBuildFile; fileRef = 04E829C7214323EF000BC96D /* LaunchScreen.storyboard */; };
		04EAB1342347E33200CCACA8 /* StandardSettingsDataSource.swift in Sources */ = {isa = PBXBuildFile; fileRef = 04EAB1332347E33200CCACA8 /* StandardSettingsDataSource.swift */; };
		04F130322364E1F70072C964 /* ViewComplaintsTableViewController.swift in Sources */ = {isa = PBXBuildFile; fileRef = 04F130302364E1F70072C964 /* ViewComplaintsTableViewController.swift */; };
		04F130332364E1F70072C964 /* ViewComplaintsTableViewController.xib in Resources */ = {isa = PBXBuildFile; fileRef = 04F130312364E1F70072C964 /* ViewComplaintsTableViewController.xib */; };
		04F882F721436D67005306AF /* LoginAPI.swift in Sources */ = {isa = PBXBuildFile; fileRef = 04F882F621436D67005306AF /* LoginAPI.swift */; };
		04F882FA214370B0005306AF /* NetworkingError.swift in Sources */ = {isa = PBXBuildFile; fileRef = 04F882F9214370B0005306AF /* NetworkingError.swift */; };
		04FEC9522364E83900FA7480 /* ComplaintsTableViewCell.swift in Sources */ = {isa = PBXBuildFile; fileRef = 04FEC9502364E83900FA7480 /* ComplaintsTableViewCell.swift */; };
		04FEC9532364E83900FA7480 /* ComplaintsTableViewCell.xib in Resources */ = {isa = PBXBuildFile; fileRef = 04FEC9512364E83900FA7480 /* ComplaintsTableViewCell.xib */; };
		37AE2831DCB05128F877B557 /* Pods_autodoorctrl.framework in Frameworks */ = {isa = PBXBuildFile; fileRef = 4A24DDF21729A8813D1DBF99 /* Pods_autodoorctrl.framework */; };
/* End PBXBuildFile section */

/* Begin PBXContainerItemProxy section */
		04E829D0214323EF000BC96D /* PBXContainerItemProxy */ = {
			isa = PBXContainerItemProxy;
			containerPortal = 04E829B3214323ED000BC96D /* Project object */;
			proxyType = 1;
			remoteGlobalIDString = 04E829BA214323ED000BC96D;
			remoteInfo = autodoorctrl;
		};
/* End PBXContainerItemProxy section */

/* Begin PBXFileReference section */
		040F689B214B734700F66C94 /* UserDefaults+Extensions.swift */ = {isa = PBXFileReference; lastKnownFileType = sourcecode.swift; path = "UserDefaults+Extensions.swift"; sourceTree = "<group>"; };
		04106D212347E0E40091CCCE /* AdminSettingsDataSource.swift */ = {isa = PBXFileReference; lastKnownFileType = sourcecode.swift; path = AdminSettingsDataSource.swift; sourceTree = "<group>"; };
		0415B048221384990086BA21 /* Haptic.swift */ = {isa = PBXFileReference; lastKnownFileType = sourcecode.swift; path = Haptic.swift; sourceTree = "<group>"; };
		041F6435235AD49B0057F48F /* Session.swift */ = {isa = PBXFileReference; lastKnownFileType = sourcecode.swift; path = Session.swift; sourceTree = "<group>"; };
		041F643B235AD9CD0057F48F /* ADCClaim.swift */ = {isa = PBXFileReference; lastKnownFileType = sourcecode.swift; path = ADCClaim.swift; sourceTree = "<group>"; };
		041F643D235B7CF10057F48F /* adminPublic.key */ = {isa = PBXFileReference; fileEncoding = 4; lastKnownFileType = text; path = adminPublic.key; sourceTree = "<group>"; };
		041F643F235B7D0F0057F48F /* userPublic.key */ = {isa = PBXFileReference; fileEncoding = 4; lastKnownFileType = text; path = userPublic.key; sourceTree = "<group>"; };
		0433F0A82165D94000F63E50 /* Base */ = {isa = PBXFileReference; lastKnownFileType = file.storyboard; name = Base; path = Base.lproj/Dashboard.storyboard; sourceTree = "<group>"; };
		0433F0AB2165D94500F63E50 /* fr */ = {isa = PBXFileReference; lastKnownFileType = text.plist.strings; name = fr; path = fr.lproj/Dashboard.strings; sourceTree = "<group>"; };
		0433F0AC2166C72700F63E50 /* DashboardDetailsTableViewController.swift */ = {isa = PBXFileReference; lastKnownFileType = sourcecode.swift; path = DashboardDetailsTableViewController.swift; sourceTree = "<group>"; };
		0440E774214357B70037F94B /* UIScrollView+TPKeyboardAvoidingAdditions.m */ = {isa = PBXFileReference; fileEncoding = 4; lastKnownFileType = sourcecode.c.objc; path = "UIScrollView+TPKeyboardAvoidingAdditions.m"; sourceTree = "<group>"; };
		0440E775214357B70037F94B /* TPKeyboardAvoidingScrollView.m */ = {isa = PBXFileReference; fileEncoding = 4; lastKnownFileType = sourcecode.c.objc; path = TPKeyboardAvoidingScrollView.m; sourceTree = "<group>"; };
		0440E776214357B70037F94B /* UIScrollView+TPKeyboardAvoidingAdditions.h */ = {isa = PBXFileReference; fileEncoding = 4; lastKnownFileType = sourcecode.c.h; path = "UIScrollView+TPKeyboardAvoidingAdditions.h"; sourceTree = "<group>"; };
		0440E777214357B70037F94B /* TPKeyboardAvoidingScrollView.h */ = {isa = PBXFileReference; fileEncoding = 4; lastKnownFileType = sourcecode.c.h; path = TPKeyboardAvoidingScrollView.h; sourceTree = "<group>"; };
		04633FBF21438DB0007B3358 /* UITextField+Underline.swift */ = {isa = PBXFileReference; lastKnownFileType = sourcecode.swift; path = "UITextField+Underline.swift"; sourceTree = "<group>"; };
		0465E122214A2F2B00298241 /* BiometricsController.swift */ = {isa = PBXFileReference; lastKnownFileType = sourcecode.swift; path = BiometricsController.swift; sourceTree = "<group>"; };
		0466DB8B214366BE002583DB /* SwiftMessagesWrapper.swift */ = {isa = PBXFileReference; lastKnownFileType = sourcecode.swift; path = SwiftMessagesWrapper.swift; sourceTree = "<group>"; };
		046701712155F2A7007DF2BE /* UIView+Customizations.swift */ = {isa = PBXFileReference; lastKnownFileType = sourcecode.swift; path = "UIView+Customizations.swift"; sourceTree = "<group>"; };
		046701732155FA66007DF2BE /* DoorsListTableViewController.swift */ = {isa = PBXFileReference; lastKnownFileType = sourcecode.swift; path = DoorsListTableViewController.swift; sourceTree = "<group>"; };
		046701752155FFEF007DF2BE /* Door.swift */ = {isa = PBXFileReference; lastKnownFileType = sourcecode.swift; path = Door.swift; sourceTree = "<group>"; };
		0467017821560123007DF2BE /* DoorsAPI.swift */ = {isa = PBXFileReference; lastKnownFileType = sourcecode.swift; path = DoorsAPI.swift; sourceTree = "<group>"; };
		0467017B215602F7007DF2BE /* DoorListViewModel.swift */ = {isa = PBXFileReference; lastKnownFileType = sourcecode.swift; path = DoorListViewModel.swift; sourceTree = "<group>"; };
		0467017F21560631007DF2BE /* DoorsListTableViewCell.swift */ = {isa = PBXFileReference; lastKnownFileType = sourcecode.swift; path = DoorsListTableViewCell.swift; sourceTree = "<group>"; };
		0467018021560631007DF2BE /* DoorsListTableViewCell.xib */ = {isa = PBXFileReference; lastKnownFileType = file.xib; path = DoorsListTableViewCell.xib; sourceTree = "<group>"; };
		0467018521561700007DF2BE /* MapToDoorCommDelegate.swift */ = {isa = PBXFileReference; lastKnownFileType = sourcecode.swift; path = MapToDoorCommDelegate.swift; sourceTree = "<group>"; };
		04670C4C217D5C3700820AB6 /* UIButton+DynamicType.swift */ = {isa = PBXFileReference; lastKnownFileType = sourcecode.swift; path = "UIButton+DynamicType.swift"; sourceTree = "<group>"; };
		046DFBF6236E0C7000419CC8 /* TOTP.swift */ = {isa = PBXFileReference; lastKnownFileType = sourcecode.swift; path = TOTP.swift; sourceTree = "<group>"; };
		046DFBF8236EA8AD00419CC8 /* TestDecoding.swift */ = {isa = PBXFileReference; lastKnownFileType = sourcecode.swift; path = TestDecoding.swift; sourceTree = "<group>"; };
		04799C13235407980006FF3C /* SettingsAction.swift */ = {isa = PBXFileReference; lastKnownFileType = sourcecode.swift; path = SettingsAction.swift; sourceTree = "<group>"; };
		04799C16235411C90006FF3C /* SubmitComplaintsViewController.swift */ = {isa = PBXFileReference; lastKnownFileType = sourcecode.swift; path = SubmitComplaintsViewController.swift; sourceTree = "<group>"; };
		04799C17235411C90006FF3C /* SubmitComplaintsViewController.xib */ = {isa = PBXFileReference; lastKnownFileType = file.xib; path = SubmitComplaintsViewController.xib; sourceTree = "<group>"; };
		04799C1C235421650006FF3C /* SubmitComplaintsViewModel.swift */ = {isa = PBXFileReference; lastKnownFileType = sourcecode.swift; path = SubmitComplaintsViewModel.swift; sourceTree = "<group>"; };
		04799C1F235423160006FF3C /* GenericPickerViewController.swift */ = {isa = PBXFileReference; fileEncoding = 4; lastKnownFileType = sourcecode.swift; path = GenericPickerViewController.swift; sourceTree = "<group>"; };
		04799C20235423160006FF3C /* GenericPickerViewController.xib */ = {isa = PBXFileReference; fileEncoding = 4; lastKnownFileType = file.xib; path = GenericPickerViewController.xib; sourceTree = "<group>"; };
		04799C21235423160006FF3C /* GenericPickerViewDelegate.swift */ = {isa = PBXFileReference; fileEncoding = 4; lastKnownFileType = sourcecode.swift; path = GenericPickerViewDelegate.swift; sourceTree = "<group>"; };
		0481C29F214C70E40078BAAA /* KeychainOperations.swift */ = {isa = PBXFileReference; lastKnownFileType = sourcecode.swift; path = KeychainOperations.swift; sourceTree = "<group>"; };
		0481C2A1214D77120078BAAA /* TestKeychainOperations.swift */ = {isa = PBXFileReference; lastKnownFileType = sourcecode.swift; path = TestKeychainOperations.swift; sourceTree = "<group>"; };
		0485F285215ECABE00742978 /* fr */ = {isa = PBXFileReference; lastKnownFileType = text.plist.strings; name = fr; path = fr.lproj/Main.strings; sourceTree = "<group>"; };
		0485F286215ECABE00742978 /* fr */ = {isa = PBXFileReference; lastKnownFileType = text.plist.strings; name = fr; path = fr.lproj/LaunchScreen.strings; sourceTree = "<group>"; };
		0485F297215F508200742978 /* en */ = {isa = PBXFileReference; lastKnownFileType = text.plist.strings; name = en; path = en.lproj/Localizable.strings; sourceTree = "<group>"; };
		0485F299215F508400742978 /* fr */ = {isa = PBXFileReference; lastKnownFileType = text.plist.strings; name = fr; path = fr.lproj/Localizable.strings; sourceTree = "<group>"; };
		0485F29F215F56DB00742978 /* fr */ = {isa = PBXFileReference; lastKnownFileType = text.plist.strings; name = fr; path = fr.lproj/InfoPlist.strings; sourceTree = "<group>"; };
		049D5FA723727A84006D9712 /* BLEManager+Rx.swift */ = {isa = PBXFileReference; lastKnownFileType = sourcecode.swift; path = "BLEManager+Rx.swift"; sourceTree = "<group>"; };
		049D5FA923728344006D9712 /* Error+Extensions.swift */ = {isa = PBXFileReference; lastKnownFileType = sourcecode.swift; path = "Error+Extensions.swift"; sourceTree = "<group>"; };
		049D5FAE23729CAE006D9712 /* OpeningDoorsViewController.swift */ = {isa = PBXFileReference; lastKnownFileType = sourcecode.swift; path = OpeningDoorsViewController.swift; sourceTree = "<group>"; };
		049D5FAF23729CAE006D9712 /* OpeningDoorsViewController.xib */ = {isa = PBXFileReference; lastKnownFileType = file.xib; path = OpeningDoorsViewController.xib; sourceTree = "<group>"; };
		049D5FB32372AE99006D9712 /* Hexagons.json */ = {isa = PBXFileReference; fileEncoding = 4; lastKnownFileType = text.json; path = Hexagons.json; sourceTree = "<group>"; };
		049D5FB523753563006D9712 /* DispatchQueue+Rx.swift */ = {isa = PBXFileReference; lastKnownFileType = sourcecode.swift; path = "DispatchQueue+Rx.swift"; sourceTree = "<group>"; };
		049D5FB723753B74006D9712 /* OpenDoor.json */ = {isa = PBXFileReference; fileEncoding = 4; lastKnownFileType = text.json; path = OpenDoor.json; sourceTree = "<group>"; };
		04A5D0AE2221112300774489 /* BLESignalStrength.swift */ = {isa = PBXFileReference; lastKnownFileType = sourcecode.swift; path = BLESignalStrength.swift; sourceTree = "<group>"; };
		04B47AB821862EBC00731C5B /* BLEError.swift */ = {isa = PBXFileReference; fileEncoding = 4; lastKnownFileType = sourcecode.swift; path = BLEError.swift; sourceTree = "<group>"; };
		04B47AB921862EBC00731C5B /* BLEManager.swift */ = {isa = PBXFileReference; fileEncoding = 4; lastKnownFileType = sourcecode.swift; path = BLEManager.swift; sourceTree = "<group>"; };
		04B47ABA21862EBC00731C5B /* BLEManagerDelegate.swift */ = {isa = PBXFileReference; fileEncoding = 4; lastKnownFileType = sourcecode.swift; path = BLEManagerDelegate.swift; sourceTree = "<group>"; };
		04B7634F237BBC99007FA8F7 /* ExtraInformationViewController.swift */ = {isa = PBXFileReference; lastKnownFileType = sourcecode.swift; path = ExtraInformationViewController.swift; sourceTree = "<group>"; };
		04B76352237BC0B6007FA8F7 /* SplashScreenDataSets.swift */ = {isa = PBXFileReference; lastKnownFileType = sourcecode.swift; path = SplashScreenDataSets.swift; sourceTree = "<group>"; };
		04B76354237BC7A8007FA8F7 /* BLEWarning.swift */ = {isa = PBXFileReference; lastKnownFileType = sourcecode.swift; path = BLEWarning.swift; sourceTree = "<group>"; };
		04B76357237BD131007FA8F7 /* PageContentDataSet.swift */ = {isa = PBXFileReference; fileEncoding = 4; lastKnownFileType = sourcecode.swift; path = PageContentDataSet.swift; sourceTree = "<group>"; };
		04B76358237BD131007FA8F7 /* PageContentViewController.xib */ = {isa = PBXFileReference; fileEncoding = 4; lastKnownFileType = file.xib; path = PageContentViewController.xib; sourceTree = "<group>"; };
		04B76359237BD131007FA8F7 /* PageContentViewController.swift */ = {isa = PBXFileReference; fileEncoding = 4; lastKnownFileType = sourcecode.swift; path = PageContentViewController.swift; sourceTree = "<group>"; };
		04B7635A237BD131007FA8F7 /* PageViewController.swift */ = {isa = PBXFileReference; fileEncoding = 4; lastKnownFileType = sourcecode.swift; path = PageViewController.swift; sourceTree = "<group>"; };
		04C1BE0121B2346600B58E1D /* LottieSubtitledView.xib */ = {isa = PBXFileReference; lastKnownFileType = file.xib; path = LottieSubtitledView.xib; sourceTree = "<group>"; };
		04C1BE0321B2348400B58E1D /* LottieSubtitledView.swift */ = {isa = PBXFileReference; lastKnownFileType = sourcecode.swift; path = LottieSubtitledView.swift; sourceTree = "<group>"; };
		04C1BE0721B2525100B58E1D /* WifiOffAnimation.json */ = {isa = PBXFileReference; fileEncoding = 4; lastKnownFileType = text.json; path = WifiOffAnimation.json; sourceTree = "<group>"; };
		04C288BB2155E50900561798 /* MapsViewController.swift */ = {isa = PBXFileReference; lastKnownFileType = sourcecode.swift; path = MapsViewController.swift; sourceTree = "<group>"; };
		04C2D1C22161933B0082C9C8 /* DashboardTableViewController.swift */ = {isa = PBXFileReference; lastKnownFileType = sourcecode.swift; path = DashboardTableViewController.swift; sourceTree = "<group>"; };
		04C2D1C5216197D00082C9C8 /* User.swift */ = {isa = PBXFileReference; lastKnownFileType = sourcecode.swift; path = User.swift; sourceTree = "<group>"; };
		04C2D1C7216199B30082C9C8 /* DashboardViewModel.swift */ = {isa = PBXFileReference; lastKnownFileType = sourcecode.swift; path = DashboardViewModel.swift; sourceTree = "<group>"; };
		04C8C7B22160329F005D61C6 /* LoginViewController+Options.swift */ = {isa = PBXFileReference; lastKnownFileType = sourcecode.swift; path = "LoginViewController+Options.swift"; sourceTree = "<group>"; };
		04C8C7B4216039D8005D61C6 /* ServicesAPI.swift */ = {isa = PBXFileReference; lastKnownFileType = sourcecode.swift; path = ServicesAPI.swift; sourceTree = "<group>"; };
		04D2DB18215CA5B20061E72D /* Constants.swift */ = {isa = PBXFileReference; lastKnownFileType = sourcecode.swift; path = Constants.swift; sourceTree = "<group>"; };
		04DDAC572257DE82004752B0 /* DoorResponse.swift */ = {isa = PBXFileReference; lastKnownFileType = sourcecode.swift; path = DoorResponse.swift; sourceTree = "<group>"; };
		04E089FB21433A9000E72A85 /* SwitchViewController.swift */ = {isa = PBXFileReference; lastKnownFileType = sourcecode.swift; path = SwitchViewController.swift; sourceTree = "<group>"; };
		04E829BB214323ED000BC96D /* ADC.app */ = {isa = PBXFileReference; explicitFileType = wrapper.application; includeInIndex = 0; path = ADC.app; sourceTree = BUILT_PRODUCTS_DIR; };
		04E829BE214323ED000BC96D /* AppDelegate.swift */ = {isa = PBXFileReference; lastKnownFileType = sourcecode.swift; path = AppDelegate.swift; sourceTree = "<group>"; };
		04E829C0214323ED000BC96D /* LoginViewController.swift */ = {isa = PBXFileReference; lastKnownFileType = sourcecode.swift; path = LoginViewController.swift; sourceTree = "<group>"; };
		04E829C3214323ED000BC96D /* Base */ = {isa = PBXFileReference; lastKnownFileType = file.storyboard; name = Base; path = Base.lproj/Main.storyboard; sourceTree = "<group>"; };
		04E829C5214323EF000BC96D /* Assets.xcassets */ = {isa = PBXFileReference; lastKnownFileType = folder.assetcatalog; path = Assets.xcassets; sourceTree = "<group>"; };
		04E829C8214323EF000BC96D /* Base */ = {isa = PBXFileReference; lastKnownFileType = file.storyboard; name = Base; path = Base.lproj/LaunchScreen.storyboard; sourceTree = "<group>"; };
		04E829CA214323EF000BC96D /* Info.plist */ = {isa = PBXFileReference; lastKnownFileType = text.plist.xml; path = Info.plist; sourceTree = "<group>"; };
		04E829CF214323EF000BC96D /* autodoorctrlTests.xctest */ = {isa = PBXFileReference; explicitFileType = wrapper.cfbundle; includeInIndex = 0; path = autodoorctrlTests.xctest; sourceTree = BUILT_PRODUCTS_DIR; };
		04E829D5214323EF000BC96D /* Info.plist */ = {isa = PBXFileReference; lastKnownFileType = text.plist.xml; path = Info.plist; sourceTree = "<group>"; };
		04EAB1332347E33200CCACA8 /* StandardSettingsDataSource.swift */ = {isa = PBXFileReference; lastKnownFileType = sourcecode.swift; path = StandardSettingsDataSource.swift; sourceTree = "<group>"; };
		04F130302364E1F70072C964 /* ViewComplaintsTableViewController.swift */ = {isa = PBXFileReference; lastKnownFileType = sourcecode.swift; path = ViewComplaintsTableViewController.swift; sourceTree = "<group>"; };
		04F130312364E1F70072C964 /* ViewComplaintsTableViewController.xib */ = {isa = PBXFileReference; lastKnownFileType = file.xib; path = ViewComplaintsTableViewController.xib; sourceTree = "<group>"; };
		04F882F621436D67005306AF /* LoginAPI.swift */ = {isa = PBXFileReference; lastKnownFileType = sourcecode.swift; path = LoginAPI.swift; sourceTree = "<group>"; };
		04F882F9214370B0005306AF /* NetworkingError.swift */ = {isa = PBXFileReference; lastKnownFileType = sourcecode.swift; path = NetworkingError.swift; sourceTree = "<group>"; };
		04FEC9502364E83900FA7480 /* ComplaintsTableViewCell.swift */ = {isa = PBXFileReference; lastKnownFileType = sourcecode.swift; path = ComplaintsTableViewCell.swift; sourceTree = "<group>"; };
		04FEC9512364E83900FA7480 /* ComplaintsTableViewCell.xib */ = {isa = PBXFileReference; lastKnownFileType = file.xib; path = ComplaintsTableViewCell.xib; sourceTree = "<group>"; };
		2152557AA9808F5B2656DCB1 /* Pods_autodoorctrlTests.framework */ = {isa = PBXFileReference; explicitFileType = wrapper.framework; includeInIndex = 0; path = Pods_autodoorctrlTests.framework; sourceTree = BUILT_PRODUCTS_DIR; };
		3F29A1E8397778149C470102 /* Pods-autodoorctrl.debug.xcconfig */ = {isa = PBXFileReference; includeInIndex = 1; lastKnownFileType = text.xcconfig; name = "Pods-autodoorctrl.debug.xcconfig"; path = "Pods/Target Support Files/Pods-autodoorctrl/Pods-autodoorctrl.debug.xcconfig"; sourceTree = "<group>"; };
		4A24DDF21729A8813D1DBF99 /* Pods_autodoorctrl.framework */ = {isa = PBXFileReference; explicitFileType = wrapper.framework; includeInIndex = 0; path = Pods_autodoorctrl.framework; sourceTree = BUILT_PRODUCTS_DIR; };
		DE0AF43179166A16D5786611 /* Pods-autodoorctrl.release.xcconfig */ = {isa = PBXFileReference; includeInIndex = 1; lastKnownFileType = text.xcconfig; name = "Pods-autodoorctrl.release.xcconfig"; path = "Pods/Target Support Files/Pods-autodoorctrl/Pods-autodoorctrl.release.xcconfig"; sourceTree = "<group>"; };
/* End PBXFileReference section */

/* Begin PBXFrameworksBuildPhase section */
		04E829B8214323ED000BC96D /* Frameworks */ = {
			isa = PBXFrameworksBuildPhase;
			buildActionMask = 2147483647;
			files = (
				041F6439235AD7D80057F48F /* SwiftJWT in Frameworks */,
				049D5FA6237279AC006D9712 /* RxCocoa in Frameworks */,
				049D5FA4237279AC006D9712 /* RxSwift in Frameworks */,
				37AE2831DCB05128F877B557 /* Pods_autodoorctrl.framework in Frameworks */,
			);
			runOnlyForDeploymentPostprocessing = 0;
		};
		04E829CC214323EF000BC96D /* Frameworks */ = {
			isa = PBXFrameworksBuildPhase;
			buildActionMask = 2147483647;
			files = (
			);
			runOnlyForDeploymentPostprocessing = 0;
		};
/* End PBXFrameworksBuildPhase section */

/* Begin PBXGroup section */
		04106D232347E15B0091CCCE /* DataSources */ = {
			isa = PBXGroup;
			children = (
				04106D212347E0E40091CCCE /* AdminSettingsDataSource.swift */,
				04EAB1332347E33200CCACA8 /* StandardSettingsDataSource.swift */,
			);
			path = DataSources;
			sourceTree = "<group>";
		};
		041F643A235AD9B90057F48F /* JWT */ = {
			isa = PBXGroup;
			children = (
				041F643B235AD9CD0057F48F /* ADCClaim.swift */,
				041F643F235B7D0F0057F48F /* userPublic.key */,
				041F643D235B7CF10057F48F /* adminPublic.key */,
			);
			path = JWT;
			sourceTree = "<group>";
		};
		04633FBE21438D65007B3358 /* Extensions */ = {
			isa = PBXGroup;
			children = (
				04633FBF21438DB0007B3358 /* UITextField+Underline.swift */,
				040F689B214B734700F66C94 /* UserDefaults+Extensions.swift */,
				046701712155F2A7007DF2BE /* UIView+Customizations.swift */,
				04670C4C217D5C3700820AB6 /* UIButton+DynamicType.swift */,
				049D5FA923728344006D9712 /* Error+Extensions.swift */,
				049D5FB523753563006D9712 /* DispatchQueue+Rx.swift */,
			);
			path = Extensions;
			sourceTree = "<group>";
		};
		0466DB8921436682002583DB /* Shared */ = {
			isa = PBXGroup;
			children = (
				0466DB8B214366BE002583DB /* SwiftMessagesWrapper.swift */,
				04D2DB18215CA5B20061E72D /* Constants.swift */,
				0485F298215F508200742978 /* Localizable.strings */,
				0485F29E215F56D900742978 /* InfoPlist.strings */,
				0415B048221384990086BA21 /* Haptic.swift */,
			);
			path = Shared;
			sourceTree = "<group>";
		};
		0466DB8A21436690002583DB /* Networking */ = {
			isa = PBXGroup;
			children = (
				04F882F621436D67005306AF /* LoginAPI.swift */,
				0467017821560123007DF2BE /* DoorsAPI.swift */,
				04C8C7B4216039D8005D61C6 /* ServicesAPI.swift */,
				04F882F9214370B0005306AF /* NetworkingError.swift */,
			);
			path = Networking;
			sourceTree = "<group>";
		};
		04670177215600D8007DF2BE /* Custom Views */ = {
			isa = PBXGroup;
			children = (
				04B76356237BD0F8007FA8F7 /* Page View */,
				04799C1E235422FF0006FF3C /* GenericPickerView */,
				0467017F21560631007DF2BE /* DoorsListTableViewCell.swift */,
				0467018021560631007DF2BE /* DoorsListTableViewCell.xib */,
			);
			path = "Custom Views";
			sourceTree = "<group>";
		};
		046DFBF5236E0BA100419CC8 /* Door */ = {
			isa = PBXGroup;
			children = (
				046701752155FFEF007DF2BE /* Door.swift */,
				04DDAC572257DE82004752B0 /* DoorResponse.swift */,
				046DFBF6236E0C7000419CC8 /* TOTP.swift */,
			);
			path = Door;
			sourceTree = "<group>";
		};
		04799C15235410C40006FF3C /* Complaints */ = {
			isa = PBXGroup;
			children = (
				04799C16235411C90006FF3C /* SubmitComplaintsViewController.swift */,
				04799C17235411C90006FF3C /* SubmitComplaintsViewController.xib */,
				04799C1C235421650006FF3C /* SubmitComplaintsViewModel.swift */,
				04F130302364E1F70072C964 /* ViewComplaintsTableViewController.swift */,
				04F130312364E1F70072C964 /* ViewComplaintsTableViewController.xib */,
				04FEC9502364E83900FA7480 /* ComplaintsTableViewCell.swift */,
				04FEC9512364E83900FA7480 /* ComplaintsTableViewCell.xib */,
			);
			path = Complaints;
			sourceTree = "<group>";
		};
		04799C1E235422FF0006FF3C /* GenericPickerView */ = {
			isa = PBXGroup;
			children = (
				04799C1F235423160006FF3C /* GenericPickerViewController.swift */,
				04799C20235423160006FF3C /* GenericPickerViewController.xib */,
				04799C21235423160006FF3C /* GenericPickerViewDelegate.swift */,
			);
			path = GenericPickerView;
			sourceTree = "<group>";
		};
		049A5950220A4C9100F89B91 /* Settings */ = {
			isa = PBXGroup;
			children = (
				04799C15235410C40006FF3C /* Complaints */,
				04106D232347E15B0091CCCE /* DataSources */,
				04C2D1C22161933B0082C9C8 /* DashboardTableViewController.swift */,
				04C2D1C7216199B30082C9C8 /* DashboardViewModel.swift */,
				0433F0AC2166C72700F63E50 /* DashboardDetailsTableViewController.swift */,
				04799C13235407980006FF3C /* SettingsAction.swift */,
			);
			path = Settings;
			sourceTree = "<group>";
		};
		049D5FAD23729C89006D9712 /* Opening Doors */ = {
			isa = PBXGroup;
			children = (
				049D5FAE23729CAE006D9712 /* OpeningDoorsViewController.swift */,
				049D5FAF23729CAE006D9712 /* OpeningDoorsViewController.xib */,
			);
			path = "Opening Doors";
			sourceTree = "<group>";
		};
		04B47AB721862EA700731C5B /* BLE */ = {
			isa = PBXGroup;
			children = (
				04B47AB821862EBC00731C5B /* BLEError.swift */,
				04B76354237BC7A8007FA8F7 /* BLEWarning.swift */,
				04B47AB921862EBC00731C5B /* BLEManager.swift */,
				04B47ABA21862EBC00731C5B /* BLEManagerDelegate.swift */,
				04A5D0AE2221112300774489 /* BLESignalStrength.swift */,
				049D5FA723727A84006D9712 /* BLEManager+Rx.swift */,
			);
			path = BLE;
			sourceTree = "<group>";
		};
		04B7634E237BBAED007FA8F7 /* Splash Screen */ = {
			isa = PBXGroup;
			children = (
				04B7634F237BBC99007FA8F7 /* ExtraInformationViewController.swift */,
				04B76352237BC0B6007FA8F7 /* SplashScreenDataSets.swift */,
			);
			path = "Splash Screen";
			sourceTree = "<group>";
		};
		04B76356237BD0F8007FA8F7 /* Page View */ = {
			isa = PBXGroup;
			children = (
				04B76357237BD131007FA8F7 /* PageContentDataSet.swift */,
				04B76359237BD131007FA8F7 /* PageContentViewController.swift */,
				04B76358237BD131007FA8F7 /* PageContentViewController.xib */,
				04B7635A237BD131007FA8F7 /* PageViewController.swift */,
			);
			path = "Page View";
			sourceTree = "<group>";
		};
		04C1BE0021B2338700B58E1D /* Animations */ = {
			isa = PBXGroup;
			children = (
				049D5FB723753B74006D9712 /* OpenDoor.json */,
				049D5FB32372AE99006D9712 /* Hexagons.json */,
				04C1BE0721B2525100B58E1D /* WifiOffAnimation.json */,
				04C1BE0121B2346600B58E1D /* LottieSubtitledView.xib */,
				04C1BE0321B2348400B58E1D /* LottieSubtitledView.swift */,
			);
			path = Animations;
			sourceTree = "<group>";
		};
		04C288BA2155E4DD00561798 /* Maps */ = {
			isa = PBXGroup;
			children = (
				04C288BB2155E50900561798 /* MapsViewController.swift */,
				046701732155FA66007DF2BE /* DoorsListTableViewController.swift */,
				0467017B215602F7007DF2BE /* DoorListViewModel.swift */,
				0467018521561700007DF2BE /* MapToDoorCommDelegate.swift */,
			);
			path = Maps;
			sourceTree = "<group>";
		};
		04C2D1C1216193170082C9C8 /* Misc */ = {
			isa = PBXGroup;
			children = (
				04E089FB21433A9000E72A85 /* SwitchViewController.swift */,
			);
			path = Misc;
			sourceTree = "<group>";
		};
		04C2D1C4216197980082C9C8 /* Model Classes */ = {
			isa = PBXGroup;
			children = (
				04B47AB721862EA700731C5B /* BLE */,
				04633FBE21438D65007B3358 /* Extensions */,
				04E08A0621434C9E00E72A85 /* TPKeyboardAvoiding */,
				0466DB8A21436690002583DB /* Networking */,
				041F643A235AD9B90057F48F /* JWT */,
				046DFBF5236E0BA100419CC8 /* Door */,
				04C2D1C5216197D00082C9C8 /* User.swift */,
				041F6435235AD49B0057F48F /* Session.swift */,
			);
			path = "Model Classes";
			sourceTree = "<group>";
		};
		04E08A0621434C9E00E72A85 /* TPKeyboardAvoiding */ = {
			isa = PBXGroup;
			children = (
				0440E777214357B70037F94B /* TPKeyboardAvoidingScrollView.h */,
				0440E775214357B70037F94B /* TPKeyboardAvoidingScrollView.m */,
				0440E776214357B70037F94B /* UIScrollView+TPKeyboardAvoidingAdditions.h */,
				0440E774214357B70037F94B /* UIScrollView+TPKeyboardAvoidingAdditions.m */,
			);
			path = TPKeyboardAvoiding;
			sourceTree = "<group>";
		};
		04E829B2214323ED000BC96D = {
			isa = PBXGroup;
			children = (
				04E829BD214323ED000BC96D /* autodoorctrl */,
				04E829D2214323EF000BC96D /* autodoorctrlTests */,
				04E829BC214323ED000BC96D /* Products */,
				E8DC6C8937D1242E3EC4DD08 /* Pods */,
				D2A60429434BD60389FAB160 /* Frameworks */,
			);
			sourceTree = "<group>";
		};
		04E829BC214323ED000BC96D /* Products */ = {
			isa = PBXGroup;
			children = (
				04E829BB214323ED000BC96D /* ADC.app */,
				04E829CF214323EF000BC96D /* autodoorctrlTests.xctest */,
			);
			name = Products;
			sourceTree = "<group>";
		};
		04E829BD214323ED000BC96D /* autodoorctrl */ = {
			isa = PBXGroup;
			children = (
				04C1BE0021B2338700B58E1D /* Animations */,
				04C2D1C4216197980082C9C8 /* Model Classes */,
				04670177215600D8007DF2BE /* Custom Views */,
				0466DB8921436682002583DB /* Shared */,
				04F882F821436EFE005306AF /* Login */,
				04C288BA2155E4DD00561798 /* Maps */,
				04C2D1C1216193170082C9C8 /* Misc */,
				049A5950220A4C9100F89B91 /* Settings */,
				049D5FAD23729C89006D9712 /* Opening Doors */,
				04B7634E237BBAED007FA8F7 /* Splash Screen */,
				04E829BE214323ED000BC96D /* AppDelegate.swift */,
				04E829C5214323EF000BC96D /* Assets.xcassets */,
				04E829C2214323ED000BC96D /* Main.storyboard */,
				0433F0A92165D94000F63E50 /* Dashboard.storyboard */,
				04E829C7214323EF000BC96D /* LaunchScreen.storyboard */,
				04E829CA214323EF000BC96D /* Info.plist */,
			);
			path = autodoorctrl;
			sourceTree = "<group>";
		};
		04E829D2214323EF000BC96D /* autodoorctrlTests */ = {
			isa = PBXGroup;
			children = (
				04E829D5214323EF000BC96D /* Info.plist */,
				0481C2A1214D77120078BAAA /* TestKeychainOperations.swift */,
				046DFBF8236EA8AD00419CC8 /* TestDecoding.swift */,
			);
			path = autodoorctrlTests;
			sourceTree = "<group>";
		};
		04F882F821436EFE005306AF /* Login */ = {
			isa = PBXGroup;
			children = (
				0465E122214A2F2B00298241 /* BiometricsController.swift */,
				04E829C0214323ED000BC96D /* LoginViewController.swift */,
				0481C29F214C70E40078BAAA /* KeychainOperations.swift */,
				04C8C7B22160329F005D61C6 /* LoginViewController+Options.swift */,
			);
			path = Login;
			sourceTree = "<group>";
		};
		D2A60429434BD60389FAB160 /* Frameworks */ = {
			isa = PBXGroup;
			children = (
				4A24DDF21729A8813D1DBF99 /* Pods_autodoorctrl.framework */,
				2152557AA9808F5B2656DCB1 /* Pods_autodoorctrlTests.framework */,
			);
			name = Frameworks;
			sourceTree = "<group>";
		};
		E8DC6C8937D1242E3EC4DD08 /* Pods */ = {
			isa = PBXGroup;
			children = (
				3F29A1E8397778149C470102 /* Pods-autodoorctrl.debug.xcconfig */,
				DE0AF43179166A16D5786611 /* Pods-autodoorctrl.release.xcconfig */,
			);
			name = Pods;
			sourceTree = "<group>";
		};
/* End PBXGroup section */

/* Begin PBXNativeTarget section */
		04E829BA214323ED000BC96D /* autodoorctrl */ = {
			isa = PBXNativeTarget;
			buildConfigurationList = 04E829D8214323EF000BC96D /* Build configuration list for PBXNativeTarget "autodoorctrl" */;
			buildPhases = (
				249DAC1B834C0BB95FEFCAC0 /* [CP] Check Pods Manifest.lock */,
				04E829B7214323ED000BC96D /* Sources */,
				04E829B8214323ED000BC96D /* Frameworks */,
				04E829B9214323ED000BC96D /* Resources */,
				15561C0DC570E2F9C4109492 /* [CP] Embed Pods Frameworks */,
			);
			buildRules = (
			);
			dependencies = (
			);
			name = autodoorctrl;
			packageProductDependencies = (
				041F6438235AD7D80057F48F /* SwiftJWT */,
				049D5FA3237279AC006D9712 /* RxSwift */,
				049D5FA5237279AC006D9712 /* RxCocoa */,
			);
			productName = autodoorctrl;
			productReference = 04E829BB214323ED000BC96D /* ADC.app */;
			productType = "com.apple.product-type.application";
		};
		04E829CE214323EF000BC96D /* autodoorctrlTests */ = {
			isa = PBXNativeTarget;
			buildConfigurationList = 04E829DB214323EF000BC96D /* Build configuration list for PBXNativeTarget "autodoorctrlTests" */;
			buildPhases = (
				04E829CB214323EF000BC96D /* Sources */,
				04E829CC214323EF000BC96D /* Frameworks */,
				04E829CD214323EF000BC96D /* Resources */,
			);
			buildRules = (
			);
			dependencies = (
				04E829D1214323EF000BC96D /* PBXTargetDependency */,
			);
			name = autodoorctrlTests;
			packageProductDependencies = (
			);
			productName = autodoorctrlTests;
			productReference = 04E829CF214323EF000BC96D /* autodoorctrlTests.xctest */;
			productType = "com.apple.product-type.bundle.unit-test";
		};
/* End PBXNativeTarget section */

/* Begin PBXProject section */
		04E829B3214323ED000BC96D /* Project object */ = {
			isa = PBXProject;
			attributes = {
				LastSwiftUpdateCheck = 1000;
				LastUpgradeCheck = 1000;
				ORGANIZATIONNAME = "Jing Wei Li";
				TargetAttributes = {
					04E829BA214323ED000BC96D = {
						CreatedOnToolsVersion = 10.0;
						LastSwiftMigration = 1020;
					};
					04E829CE214323EF000BC96D = {
						CreatedOnToolsVersion = 10.0;
						LastSwiftMigration = 1020;
						TestTargetID = 04E829BA214323ED000BC96D;
					};
				};
			};
			buildConfigurationList = 04E829B6214323ED000BC96D /* Build configuration list for PBXProject "autodoorctrl" */;
			compatibilityVersion = "Xcode 9.3";
			developmentRegion = en;
			hasScannedForEncodings = 0;
			knownRegions = (
				en,
				Base,
				fr,
			);
			mainGroup = 04E829B2214323ED000BC96D;
			packageReferences = (
				041F6437235AD7D80057F48F /* XCRemoteSwiftPackageReference "Swift-JWT" */,
				049D5FA0237279AC006D9712 /* XCRemoteSwiftPackageReference "RxSwift" */,
			);
			productRefGroup = 04E829BC214323ED000BC96D /* Products */;
			projectDirPath = "";
			projectRoot = "";
			targets = (
				04E829BA214323ED000BC96D /* autodoorctrl */,
				04E829CE214323EF000BC96D /* autodoorctrlTests */,
			);
		};
/* End PBXProject section */

/* Begin PBXResourcesBuildPhase section */
		04E829B9214323ED000BC96D /* Resources */ = {
			isa = PBXResourcesBuildPhase;
			buildActionMask = 2147483647;
			files = (
				04E829C9214323EF000BC96D /* LaunchScreen.storyboard in Resources */,
				0485F29C215F56D900742978 /* InfoPlist.strings in Resources */,
				0467018221560631007DF2BE /* DoorsListTableViewCell.xib in Resources */,
				04E829C6214323EF000BC96D /* Assets.xcassets in Resources */,
				04FEC9532364E83900FA7480 /* ComplaintsTableViewCell.xib in Resources */,
				049D5FB823753B74006D9712 /* OpenDoor.json in Resources */,
				04C1BE0221B2346600B58E1D /* LottieSubtitledView.xib in Resources */,
				04E829C4214323ED000BC96D /* Main.storyboard in Resources */,
				04F130332364E1F70072C964 /* ViewComplaintsTableViewController.xib in Resources */,
				04B7635C237BD131007FA8F7 /* PageContentViewController.xib in Resources */,
				049D5FB42372AE99006D9712 /* Hexagons.json in Resources */,
				041F643E235B7CF10057F48F /* adminPublic.key in Resources */,
				04C1BE0821B2525200B58E1D /* WifiOffAnimation.json in Resources */,
				0433F0A72165D94000F63E50 /* Dashboard.storyboard in Resources */,
				04799C19235411C90006FF3C /* SubmitComplaintsViewController.xib in Resources */,
				04799C23235423160006FF3C /* GenericPickerViewController.xib in Resources */,
				0485F296215F508200742978 /* Localizable.strings in Resources */,
				041F6440235B7D0F0057F48F /* userPublic.key in Resources */,
				049D5FB123729CAE006D9712 /* OpeningDoorsViewController.xib in Resources */,
			);
			runOnlyForDeploymentPostprocessing = 0;
		};
		04E829CD214323EF000BC96D /* Resources */ = {
			isa = PBXResourcesBuildPhase;
			buildActionMask = 2147483647;
			files = (
			);
			runOnlyForDeploymentPostprocessing = 0;
		};
/* End PBXResourcesBuildPhase section */

/* Begin PBXShellScriptBuildPhase section */
		15561C0DC570E2F9C4109492 /* [CP] Embed Pods Frameworks */ = {
			isa = PBXShellScriptBuildPhase;
			buildActionMask = 2147483647;
			files = (
			);
			inputFileListPaths = (
				"${PODS_ROOT}/Target Support Files/Pods-autodoorctrl/Pods-autodoorctrl-frameworks-${CONFIGURATION}-input-files.xcfilelist",
			);
			name = "[CP] Embed Pods Frameworks";
			outputFileListPaths = (
				"${PODS_ROOT}/Target Support Files/Pods-autodoorctrl/Pods-autodoorctrl-frameworks-${CONFIGURATION}-output-files.xcfilelist",
			);
			runOnlyForDeploymentPostprocessing = 0;
			shellPath = /bin/sh;
			shellScript = "\"${PODS_ROOT}/Target Support Files/Pods-autodoorctrl/Pods-autodoorctrl-frameworks.sh\"\n";
			showEnvVarsInLog = 0;
		};
		249DAC1B834C0BB95FEFCAC0 /* [CP] Check Pods Manifest.lock */ = {
			isa = PBXShellScriptBuildPhase;
			buildActionMask = 2147483647;
			files = (
			);
			inputPaths = (
				"${PODS_PODFILE_DIR_PATH}/Podfile.lock",
				"${PODS_ROOT}/Manifest.lock",
			);
			name = "[CP] Check Pods Manifest.lock";
			outputPaths = (
				"$(DERIVED_FILE_DIR)/Pods-autodoorctrl-checkManifestLockResult.txt",
			);
			runOnlyForDeploymentPostprocessing = 0;
			shellPath = /bin/sh;
			shellScript = "diff \"${PODS_PODFILE_DIR_PATH}/Podfile.lock\" \"${PODS_ROOT}/Manifest.lock\" > /dev/null\nif [ $? != 0 ] ; then\n    # print error to STDERR\n    echo \"error: The sandbox is not in sync with the Podfile.lock. Run 'pod install' or update your CocoaPods installation.\" >&2\n    exit 1\nfi\n# This output is used by Xcode 'outputs' to avoid re-running this script phase.\necho \"SUCCESS\" > \"${SCRIPT_OUTPUT_FILE_0}\"\n";
			showEnvVarsInLog = 0;
		};
/* End PBXShellScriptBuildPhase section */

/* Begin PBXSourcesBuildPhase section */
		04E829B7214323ED000BC96D /* Sources */ = {
			isa = PBXSourcesBuildPhase;
			buildActionMask = 2147483647;
			files = (
				0467018121560631007DF2BE /* DoorsListTableViewCell.swift in Sources */,
				049D5FA823727A84006D9712 /* BLEManager+Rx.swift in Sources */,
				04B76355237BC7A8007FA8F7 /* BLEWarning.swift in Sources */,
				04C288BC2155E50900561798 /* MapsViewController.swift in Sources */,
				04B47ABD21862EBC00731C5B /* BLEManagerDelegate.swift in Sources */,
				04633FC021438DB0007B3358 /* UITextField+Underline.swift in Sources */,
				0433F0AD2166C72700F63E50 /* DashboardDetailsTableViewController.swift in Sources */,
				04C2D1C6216197D00082C9C8 /* User.swift in Sources */,
				04C2D1C8216199B30082C9C8 /* DashboardViewModel.swift in Sources */,
				04799C24235423160006FF3C /* GenericPickerViewDelegate.swift in Sources */,
				04E089FC21433A9000E72A85 /* SwitchViewController.swift in Sources */,
				049D5FB023729CAE006D9712 /* OpeningDoorsViewController.swift in Sources */,
				04B47ABC21862EBC00731C5B /* BLEManager.swift in Sources */,
				04C2D1C32161933B0082C9C8 /* DashboardTableViewController.swift in Sources */,
				0440E779214357B80037F94B /* TPKeyboardAvoidingScrollView.m in Sources */,
				04B47ABB21862EBC00731C5B /* BLEError.swift in Sources */,
				04670C4D217D5C3700820AB6 /* UIButton+DynamicType.swift in Sources */,
				04B7635D237BD131007FA8F7 /* PageContentViewController.swift in Sources */,
				04799C22235423160006FF3C /* GenericPickerViewController.swift in Sources */,
				04C8C7B32160329F005D61C6 /* LoginViewController+Options.swift in Sources */,
				04F882F721436D67005306AF /* LoginAPI.swift in Sources */,
				04799C18235411C90006FF3C /* SubmitComplaintsViewController.swift in Sources */,
				0415B0492213849A0086BA21 /* Haptic.swift in Sources */,
				046DFBF7236E0C7000419CC8 /* TOTP.swift in Sources */,
				0467017C215602F7007DF2BE /* DoorListViewModel.swift in Sources */,
				04C1BE0421B2348400B58E1D /* LottieSubtitledView.swift in Sources */,
				04B76350237BBC99007FA8F7 /* ExtraInformationViewController.swift in Sources */,
				049D5FB623753563006D9712 /* DispatchQueue+Rx.swift in Sources */,
				0440E778214357B80037F94B /* UIScrollView+TPKeyboardAvoidingAdditions.m in Sources */,
				04799C1D235421650006FF3C /* SubmitComplaintsViewModel.swift in Sources */,
				041F643C235AD9CD0057F48F /* ADCClaim.swift in Sources */,
				04B7635B237BD131007FA8F7 /* PageContentDataSet.swift in Sources */,
				046701722155F2A7007DF2BE /* UIView+Customizations.swift in Sources */,
				04B7635E237BD131007FA8F7 /* PageViewController.swift in Sources */,
				04B76353237BC0B6007FA8F7 /* SplashScreenDataSets.swift in Sources */,
				04799C14235407980006FF3C /* SettingsAction.swift in Sources */,
				04E829C1214323ED000BC96D /* LoginViewController.swift in Sources */,
				046701742155FA66007DF2BE /* DoorsListTableViewController.swift in Sources */,
				04D2DB19215CA5B20061E72D /* Constants.swift in Sources */,
				046701762155FFEF007DF2BE /* Door.swift in Sources */,
				0465E123214A2F2B00298241 /* BiometricsController.swift in Sources */,
				0481C2A0214C70E40078BAAA /* KeychainOperations.swift in Sources */,
				041F6436235AD49B0057F48F /* Session.swift in Sources */,
				0467018621561700007DF2BE /* MapToDoorCommDelegate.swift in Sources */,
				04DDAC582257DE82004752B0 /* DoorResponse.swift in Sources */,
				04A5D0AF2221112300774489 /* BLESignalStrength.swift in Sources */,
				049D5FAA23728344006D9712 /* Error+Extensions.swift in Sources */,
				04E829BF214323ED000BC96D /* AppDelegate.swift in Sources */,
				04EAB1342347E33200CCACA8 /* StandardSettingsDataSource.swift in Sources */,
				04F130322364E1F70072C964 /* ViewComplaintsTableViewController.swift in Sources */,
				04F882FA214370B0005306AF /* NetworkingError.swift in Sources */,
				0467017921560123007DF2BE /* DoorsAPI.swift in Sources */,
				04FEC9522364E83900FA7480 /* ComplaintsTableViewCell.swift in Sources */,
				040F689C214B734700F66C94 /* UserDefaults+Extensions.swift in Sources */,
				04106D222347E0E40091CCCE /* AdminSettingsDataSource.swift in Sources */,
				04C8C7B5216039D8005D61C6 /* ServicesAPI.swift in Sources */,
				0466DB8C214366BE002583DB /* SwiftMessagesWrapper.swift in Sources */,
			);
			runOnlyForDeploymentPostprocessing = 0;
		};
		04E829CB214323EF000BC96D /* Sources */ = {
			isa = PBXSourcesBuildPhase;
			buildActionMask = 2147483647;
			files = (
				0481C2A3214D771A0078BAAA /* KeychainOperations.swift in Sources */,
				0481C2A2214D77120078BAAA /* TestKeychainOperations.swift in Sources */,
				046DFBF9236EA8AD00419CC8 /* TestDecoding.swift in Sources */,
			);
			runOnlyForDeploymentPostprocessing = 0;
		};
/* End PBXSourcesBuildPhase section */

/* Begin PBXTargetDependency section */
		04E829D1214323EF000BC96D /* PBXTargetDependency */ = {
			isa = PBXTargetDependency;
			target = 04E829BA214323ED000BC96D /* autodoorctrl */;
			targetProxy = 04E829D0214323EF000BC96D /* PBXContainerItemProxy */;
		};
/* End PBXTargetDependency section */

/* Begin PBXVariantGroup section */
		0433F0A92165D94000F63E50 /* Dashboard.storyboard */ = {
			isa = PBXVariantGroup;
			children = (
				0433F0A82165D94000F63E50 /* Base */,
				0433F0AB2165D94500F63E50 /* fr */,
			);
			name = Dashboard.storyboard;
			sourceTree = "<group>";
		};
		0485F298215F508200742978 /* Localizable.strings */ = {
			isa = PBXVariantGroup;
			children = (
				0485F297215F508200742978 /* en */,
				0485F299215F508400742978 /* fr */,
			);
			name = Localizable.strings;
			sourceTree = "<group>";
		};
		0485F29E215F56D900742978 /* InfoPlist.strings */ = {
			isa = PBXVariantGroup;
			children = (
				0485F29F215F56DB00742978 /* fr */,
			);
			name = InfoPlist.strings;
			sourceTree = "<group>";
		};
		04E829C2214323ED000BC96D /* Main.storyboard */ = {
			isa = PBXVariantGroup;
			children = (
				04E829C3214323ED000BC96D /* Base */,
				0485F285215ECABE00742978 /* fr */,
			);
			name = Main.storyboard;
			sourceTree = "<group>";
		};
		04E829C7214323EF000BC96D /* LaunchScreen.storyboard */ = {
			isa = PBXVariantGroup;
			children = (
				04E829C8214323EF000BC96D /* Base */,
				0485F286215ECABE00742978 /* fr */,
			);
			name = LaunchScreen.storyboard;
			sourceTree = "<group>";
		};
/* End PBXVariantGroup section */

/* Begin XCBuildConfiguration section */
		04E829D6214323EF000BC96D /* Debug */ = {
			isa = XCBuildConfiguration;
			buildSettings = {
				ALWAYS_SEARCH_USER_PATHS = NO;
				CLANG_ANALYZER_LOCALIZABILITY_NONLOCALIZED = YES;
				CLANG_ANALYZER_NONNULL = YES;
				CLANG_ANALYZER_NUMBER_OBJECT_CONVERSION = YES_AGGRESSIVE;
				CLANG_CXX_LANGUAGE_STANDARD = "gnu++14";
				CLANG_CXX_LIBRARY = "libc++";
				CLANG_ENABLE_MODULES = YES;
				CLANG_ENABLE_OBJC_ARC = YES;
				CLANG_ENABLE_OBJC_WEAK = YES;
				CLANG_WARN_BLOCK_CAPTURE_AUTORELEASING = YES;
				CLANG_WARN_BOOL_CONVERSION = YES;
				CLANG_WARN_COMMA = YES;
				CLANG_WARN_CONSTANT_CONVERSION = YES;
				CLANG_WARN_DEPRECATED_OBJC_IMPLEMENTATIONS = YES;
				CLANG_WARN_DIRECT_OBJC_ISA_USAGE = YES_ERROR;
				CLANG_WARN_DOCUMENTATION_COMMENTS = YES;
				CLANG_WARN_EMPTY_BODY = YES;
				CLANG_WARN_ENUM_CONVERSION = YES;
				CLANG_WARN_INFINITE_RECURSION = YES;
				CLANG_WARN_INT_CONVERSION = YES;
				CLANG_WARN_NON_LITERAL_NULL_CONVERSION = YES;
				CLANG_WARN_OBJC_IMPLICIT_RETAIN_SELF = YES;
				CLANG_WARN_OBJC_LITERAL_CONVERSION = YES;
				CLANG_WARN_OBJC_ROOT_CLASS = YES_ERROR;
				CLANG_WARN_RANGE_LOOP_ANALYSIS = YES;
				CLANG_WARN_STRICT_PROTOTYPES = YES;
				CLANG_WARN_SUSPICIOUS_MOVE = YES;
				CLANG_WARN_UNGUARDED_AVAILABILITY = YES_AGGRESSIVE;
				CLANG_WARN_UNREACHABLE_CODE = YES;
				CLANG_WARN__DUPLICATE_METHOD_MATCH = YES;
				CODE_SIGN_IDENTITY = "iPhone Developer";
				COPY_PHASE_STRIP = NO;
				DEBUG_INFORMATION_FORMAT = dwarf;
				ENABLE_STRICT_OBJC_MSGSEND = YES;
				ENABLE_TESTABILITY = YES;
				GCC_C_LANGUAGE_STANDARD = gnu11;
				GCC_DYNAMIC_NO_PIC = NO;
				GCC_NO_COMMON_BLOCKS = YES;
				GCC_OPTIMIZATION_LEVEL = 0;
				GCC_PREPROCESSOR_DEFINITIONS = (
					"DEBUG=1",
					"$(inherited)",
				);
				GCC_WARN_64_TO_32_BIT_CONVERSION = YES;
				GCC_WARN_ABOUT_RETURN_TYPE = YES_ERROR;
				GCC_WARN_UNDECLARED_SELECTOR = YES;
				GCC_WARN_UNINITIALIZED_AUTOS = YES_AGGRESSIVE;
				GCC_WARN_UNUSED_FUNCTION = YES;
				GCC_WARN_UNUSED_VARIABLE = YES;
				IPHONEOS_DEPLOYMENT_TARGET = 11.0;
				MTL_ENABLE_DEBUG_INFO = INCLUDE_SOURCE;
				MTL_FAST_MATH = YES;
				ONLY_ACTIVE_ARCH = YES;
				SDKROOT = iphoneos;
				SWIFT_ACTIVE_COMPILATION_CONDITIONS = DEBUG;
				SWIFT_OPTIMIZATION_LEVEL = "-Onone";
			};
			name = Debug;
		};
		04E829D7214323EF000BC96D /* Release */ = {
			isa = XCBuildConfiguration;
			buildSettings = {
				ALWAYS_SEARCH_USER_PATHS = NO;
				CLANG_ANALYZER_LOCALIZABILITY_NONLOCALIZED = YES;
				CLANG_ANALYZER_NONNULL = YES;
				CLANG_ANALYZER_NUMBER_OBJECT_CONVERSION = YES_AGGRESSIVE;
				CLANG_CXX_LANGUAGE_STANDARD = "gnu++14";
				CLANG_CXX_LIBRARY = "libc++";
				CLANG_ENABLE_MODULES = YES;
				CLANG_ENABLE_OBJC_ARC = YES;
				CLANG_ENABLE_OBJC_WEAK = YES;
				CLANG_WARN_BLOCK_CAPTURE_AUTORELEASING = YES;
				CLANG_WARN_BOOL_CONVERSION = YES;
				CLANG_WARN_COMMA = YES;
				CLANG_WARN_CONSTANT_CONVERSION = YES;
				CLANG_WARN_DEPRECATED_OBJC_IMPLEMENTATIONS = YES;
				CLANG_WARN_DIRECT_OBJC_ISA_USAGE = YES_ERROR;
				CLANG_WARN_DOCUMENTATION_COMMENTS = YES;
				CLANG_WARN_EMPTY_BODY = YES;
				CLANG_WARN_ENUM_CONVERSION = YES;
				CLANG_WARN_INFINITE_RECURSION = YES;
				CLANG_WARN_INT_CONVERSION = YES;
				CLANG_WARN_NON_LITERAL_NULL_CONVERSION = YES;
				CLANG_WARN_OBJC_IMPLICIT_RETAIN_SELF = YES;
				CLANG_WARN_OBJC_LITERAL_CONVERSION = YES;
				CLANG_WARN_OBJC_ROOT_CLASS = YES_ERROR;
				CLANG_WARN_RANGE_LOOP_ANALYSIS = YES;
				CLANG_WARN_STRICT_PROTOTYPES = YES;
				CLANG_WARN_SUSPICIOUS_MOVE = YES;
				CLANG_WARN_UNGUARDED_AVAILABILITY = YES_AGGRESSIVE;
				CLANG_WARN_UNREACHABLE_CODE = YES;
				CLANG_WARN__DUPLICATE_METHOD_MATCH = YES;
				CODE_SIGN_IDENTITY = "iPhone Developer";
				COPY_PHASE_STRIP = NO;
				DEBUG_INFORMATION_FORMAT = "dwarf-with-dsym";
				ENABLE_NS_ASSERTIONS = NO;
				ENABLE_STRICT_OBJC_MSGSEND = YES;
				GCC_C_LANGUAGE_STANDARD = gnu11;
				GCC_NO_COMMON_BLOCKS = YES;
				GCC_WARN_64_TO_32_BIT_CONVERSION = YES;
				GCC_WARN_ABOUT_RETURN_TYPE = YES_ERROR;
				GCC_WARN_UNDECLARED_SELECTOR = YES;
				GCC_WARN_UNINITIALIZED_AUTOS = YES_AGGRESSIVE;
				GCC_WARN_UNUSED_FUNCTION = YES;
				GCC_WARN_UNUSED_VARIABLE = YES;
				IPHONEOS_DEPLOYMENT_TARGET = 11.0;
				MTL_ENABLE_DEBUG_INFO = NO;
				MTL_FAST_MATH = YES;
				SDKROOT = iphoneos;
				SWIFT_COMPILATION_MODE = wholemodule;
				SWIFT_OPTIMIZATION_LEVEL = "-O";
				VALIDATE_PRODUCT = YES;
			};
			name = Release;
		};
		04E829D9214323EF000BC96D /* Debug */ = {
			isa = XCBuildConfiguration;
			baseConfigurationReference = 3F29A1E8397778149C470102 /* Pods-autodoorctrl.debug.xcconfig */;
			buildSettings = {
				ASSETCATALOG_COMPILER_APPICON_NAME = AppIcon;
				CLANG_ENABLE_MODULES = YES;
				CODE_SIGN_IDENTITY = "iPhone Developer";
				CODE_SIGN_STYLE = Automatic;
				DEVELOPMENT_TEAM = NDBTK98VL3;
				INFOPLIST_FILE = autodoorctrl/Info.plist;
				IPHONEOS_DEPLOYMENT_TARGET = 11.0;
				LD_RUNPATH_SEARCH_PATHS = (
					"$(inherited)",
					"@executable_path/Frameworks",
				);
				PRODUCT_BUNDLE_IDENTIFIER = com.jingweili.autodoorctrl;
				PRODUCT_NAME = ADC;
				PROVISIONING_PROFILE_SPECIFIER = "";
				SWIFT_OBJC_BRIDGING_HEADER = "autodoorctrl/autodoorctrl-Bridging-Header.h";
				SWIFT_OPTIMIZATION_LEVEL = "-Onone";
				SWIFT_VERSION = 5.0;
				TARGETED_DEVICE_FAMILY = "1,2";
			};
			name = Debug;
		};
		04E829DA214323EF000BC96D /* Release */ = {
			isa = XCBuildConfiguration;
			baseConfigurationReference = DE0AF43179166A16D5786611 /* Pods-autodoorctrl.release.xcconfig */;
			buildSettings = {
				ASSETCATALOG_COMPILER_APPICON_NAME = AppIcon;
				CLANG_ENABLE_MODULES = YES;
				CODE_SIGN_IDENTITY = "iPhone Developer";
				CODE_SIGN_STYLE = Automatic;
				DEVELOPMENT_TEAM = NDBTK98VL3;
				INFOPLIST_FILE = autodoorctrl/Info.plist;
				IPHONEOS_DEPLOYMENT_TARGET = 11.0;
				LD_RUNPATH_SEARCH_PATHS = (
					"$(inherited)",
					"@executable_path/Frameworks",
				);
				PRODUCT_BUNDLE_IDENTIFIER = com.jingweili.autodoorctrl;
				PRODUCT_NAME = ADC;
				PROVISIONING_PROFILE_SPECIFIER = "";
				SWIFT_OBJC_BRIDGING_HEADER = "autodoorctrl/autodoorctrl-Bridging-Header.h";
				SWIFT_VERSION = 5.0;
				TARGETED_DEVICE_FAMILY = "1,2";
			};
			name = Release;
		};
		04E829DC214323EF000BC96D /* Debug */ = {
			isa = XCBuildConfiguration;
			buildSettings = {
				ALWAYS_EMBED_SWIFT_STANDARD_LIBRARIES = YES;
				BUNDLE_LOADER = "$(TEST_HOST)";
				CODE_SIGN_STYLE = Automatic;
				DEVELOPMENT_TEAM = NDBTK98VL3;
				INFOPLIST_FILE = autodoorctrlTests/Info.plist;
				LD_RUNPATH_SEARCH_PATHS = (
					"$(inherited)",
					"@executable_path/Frameworks",
					"@loader_path/Frameworks",
				);
				"OTHER_SWIFT_FLAGS[arch=*]" = "-Xcc -fmodule-map-file=$(PROJECT_TEMP_ROOT)/GeneratedModuleMaps/iphonesimulator/RxCocoaRuntime.modulemap";
				PRODUCT_BUNDLE_IDENTIFIER = com.jingweili.autodoorctrlTests;
				PRODUCT_NAME = "$(TARGET_NAME)";
				SWIFT_VERSION = 5.0;
				TARGETED_DEVICE_FAMILY = "1,2";
				TEST_HOST = "$(BUILT_PRODUCTS_DIR)/ADC.app/ADC";
			};
			name = Debug;
		};
		04E829DD214323EF000BC96D /* Release */ = {
			isa = XCBuildConfiguration;
			buildSettings = {
				ALWAYS_EMBED_SWIFT_STANDARD_LIBRARIES = YES;
				BUNDLE_LOADER = "$(TEST_HOST)";
				CODE_SIGN_STYLE = Automatic;
				DEVELOPMENT_TEAM = NDBTK98VL3;
				INFOPLIST_FILE = autodoorctrlTests/Info.plist;
				LD_RUNPATH_SEARCH_PATHS = (
					"$(inherited)",
					"@executable_path/Frameworks",
					"@loader_path/Frameworks",
				);
				PRODUCT_BUNDLE_IDENTIFIER = com.jingweili.autodoorctrlTests;
				PRODUCT_NAME = "$(TARGET_NAME)";
				SWIFT_VERSION = 5.0;
				TARGETED_DEVICE_FAMILY = "1,2";
				TEST_HOST = "$(BUILT_PRODUCTS_DIR)/ADC.app/ADC";
			};
			name = Release;
		};
/* End XCBuildConfiguration section */

/* Begin XCConfigurationList section */
		04E829B6214323ED000BC96D /* Build configuration list for PBXProject "autodoorctrl" */ = {
			isa = XCConfigurationList;
			buildConfigurations = (
				04E829D6214323EF000BC96D /* Debug */,
				04E829D7214323EF000BC96D /* Release */,
			);
			defaultConfigurationIsVisible = 0;
			defaultConfigurationName = Release;
		};
		04E829D8214323EF000BC96D /* Build configuration list for PBXNativeTarget "autodoorctrl" */ = {
			isa = XCConfigurationList;
			buildConfigurations = (
				04E829D9214323EF000BC96D /* Debug */,
				04E829DA214323EF000BC96D /* Release */,
			);
			defaultConfigurationIsVisible = 0;
			defaultConfigurationName = Release;
		};
		04E829DB214323EF000BC96D /* Build configuration list for PBXNativeTarget "autodoorctrlTests" */ = {
			isa = XCConfigurationList;
			buildConfigurations = (
				04E829DC214323EF000BC96D /* Debug */,
				04E829DD214323EF000BC96D /* Release */,
			);
			defaultConfigurationIsVisible = 0;
			defaultConfigurationName = Release;
		};
/* End XCConfigurationList section */

/* Begin XCRemoteSwiftPackageReference section */
		041F6437235AD7D80057F48F /* XCRemoteSwiftPackageReference "Swift-JWT" */ = {
			isa = XCRemoteSwiftPackageReference;
			repositoryURL = "https://github.com/IBM-Swift/Swift-JWT";
			requirement = {
				kind = upToNextMajorVersion;
				minimumVersion = 3.6.0;
			};
		};
		049D5FA0237279AC006D9712 /* XCRemoteSwiftPackageReference "RxSwift" */ = {
			isa = XCRemoteSwiftPackageReference;
			repositoryURL = "https://github.com/ReactiveX/RxSwift.git";
			requirement = {
				kind = upToNextMajorVersion;
				minimumVersion = 5.0.1;
			};
		};
/* End XCRemoteSwiftPackageReference section */

/* Begin XCSwiftPackageProductDependency section */
		041F6438235AD7D80057F48F /* SwiftJWT */ = {
			isa = XCSwiftPackageProductDependency;
			package = 041F6437235AD7D80057F48F /* XCRemoteSwiftPackageReference "Swift-JWT" */;
			productName = SwiftJWT;
		};
		049D5FA3237279AC006D9712 /* RxSwift */ = {
			isa = XCSwiftPackageProductDependency;
			package = 049D5FA0237279AC006D9712 /* XCRemoteSwiftPackageReference "RxSwift" */;
			productName = RxSwift;
		};
		049D5FA5237279AC006D9712 /* RxCocoa */ = {
			isa = XCSwiftPackageProductDependency;
			package = 049D5FA0237279AC006D9712 /* XCRemoteSwiftPackageReference "RxSwift" */;
			productName = RxCocoa;
		};
/* End XCSwiftPackageProductDependency section */
	};
	rootObject = 04E829B3214323ED000BC96D /* Project object */;
}
